// !$*UTF8*$!
{
	archiveVersion = 1;
	classes = {
	};
	objectVersion = 50;
	objects = {

/* Begin PBXBuildFile section */
		F27E5E74251D2389003A0F3D /* SandMannApp.swift in Sources */ = {isa = PBXBuildFile; fileRef = F27E5E73251D2389003A0F3D /* SandMannApp.swift */; };
		F27E5E76251D2389003A0F3D /* ContentView.swift in Sources */ = {isa = PBXBuildFile; fileRef = F27E5E75251D2389003A0F3D /* ContentView.swift */; };
		F27E5E78251D238B003A0F3D /* Assets.xcassets in Resources */ = {isa = PBXBuildFile; fileRef = F27E5E77251D238B003A0F3D /* Assets.xcassets */; };
		F27E5E7B251D238B003A0F3D /* Preview Assets.xcassets in Resources */ = {isa = PBXBuildFile; fileRef = F27E5E7A251D238B003A0F3D /* Preview Assets.xcassets */; };
		F2A23D89251E5A4A00B7120E /* SleepCalculator.mlmodel in Sources */ = {isa = PBXBuildFile; fileRef = F2A23D88251E5A4A00B7120E /* SleepCalculator.mlmodel */; };
/* End PBXBuildFile section */

/* Begin PBXFileReference section */
		F27E5E70251D2389003A0F3D /* SandMann.app */ = {isa = PBXFileReference; explicitFileType = wrapper.application; includeInIndex = 0; path = SandMann.app; sourceTree = BUILT_PRODUCTS_DIR; };
		F27E5E73251D2389003A0F3D /* SandMannApp.swift */ = {isa = PBXFileReference; lastKnownFileType = sourcecode.swift; path = SandMannApp.swift; sourceTree = "<group>"; };
		F27E5E75251D2389003A0F3D /* ContentView.swift */ = {isa = PBXFileReference; lastKnownFileType = sourcecode.swift; path = ContentView.swift; sourceTree = "<group>"; };
		F27E5E77251D238B003A0F3D /* Assets.xcassets */ = {isa = PBXFileReference; lastKnownFileType = folder.assetcatalog; path = Assets.xcassets; sourceTree = "<group>"; };
		F27E5E7A251D238B003A0F3D /* Preview Assets.xcassets */ = {isa = PBXFileReference; lastKnownFileType = folder.assetcatalog; path = "Preview Assets.xcassets"; sourceTree = "<group>"; };
		F27E5E7C251D238B003A0F3D /* Info.plist */ = {isa = PBXFileReference; lastKnownFileType = text.plist.xml; path = Info.plist; sourceTree = "<group>"; };
		F2A23D88251E5A4A00B7120E /* SleepCalculator.mlmodel */ = {isa = PBXFileReference; lastKnownFileType = file.mlmodel; path = SleepCalculator.mlmodel; sourceTree = "<group>"; };
/* End PBXFileReference section */

/* Begin PBXFrameworksBuildPhase section */
		F27E5E6D251D2389003A0F3D /* Frameworks */ = {
			isa = PBXFrameworksBuildPhase;
			buildActionMask = 2147483647;
			files = (
			);
			runOnlyForDeploymentPostprocessing = 0;
		};
/* End PBXFrameworksBuildPhase section */

/* Begin PBXGroup section */
		F27E5E67251D2389003A0F3D = {
			isa = PBXGroup;
			children = (
				F27E5E72251D2389003A0F3D /* SandMann */,
				F27E5E71251D2389003A0F3D /* Products */,
			);
			sourceTree = "<group>";
		};
		F27E5E71251D2389003A0F3D /* Products */ = {
			isa = PBXGroup;
			children = (
				F27E5E70251D2389003A0F3D /* SandMann.app */,
			);
			name = Products;
			sourceTree = "<group>";
		};
		F27E5E72251D2389003A0F3D /* SandMann */ = {
			isa = PBXGroup;
			children = (
				F27E5E73251D2389003A0F3D /* SandMannApp.swift */,
				F27E5E75251D2389003A0F3D /* ContentView.swift */,
				F27E5E77251D238B003A0F3D /* Assets.xcassets */,
				F27E5E7C251D238B003A0F3D /* Info.plist */,
				F2A23D88251E5A4A00B7120E /* SleepCalculator.mlmodel */,
				F27E5E79251D238B003A0F3D /* Preview Content */,
			);
			path = SandMann;
			sourceTree = "<group>";
		};
		F27E5E79251D238B003A0F3D /* Preview Content */ = {
			isa = PBXGroup;
			children = (
				F27E5E7A251D238B003A0F3D /* Preview Assets.xcassets */,
			);
			path = "Preview Content";
			sourceTree = "<group>";
		};
/* End PBXGroup section */

/* Begin PBXNativeTarget section */
		F27E5E6F251D2389003A0F3D /* SandMann */ = {
			isa = PBXNativeTarget;
			buildConfigurationList = F27E5E7F251D238B003A0F3D /* Build configuration list for PBXNativeTarget "SandMann" */;
			buildPhases = (
				F27E5E6C251D2389003A0F3D /* Sources */,
				F27E5E6D251D2389003A0F3D /* Frameworks */,
				F27E5E6E251D2389003A0F3D /* Resources */,
			);
			buildRules = (
			);
			dependencies = (
			);
			name = SandMann;
			productName = SandMann;
			productReference = F27E5E70251D2389003A0F3D /* SandMann.app */;
			productType = "com.apple.product-type.application";
		};
/* End PBXNativeTarget section */

/* Begin PBXProject section */
		F27E5E68251D2389003A0F3D /* Project object */ = {
			isa = PBXProject;
			attributes = {
				LastSwiftUpdateCheck = 1200;
				LastUpgradeCheck = 1200;
				TargetAttributes = {
					F27E5E6F251D2389003A0F3D = {
						CreatedOnToolsVersion = 12.0;
					};
				};
			};
			buildConfigurationList = F27E5E6B251D2389003A0F3D /* Build configuration list for PBXProject "SandMann" */;
			compatibilityVersion = "Xcode 9.3";
			developmentRegion = en;
			hasScannedForEncodings = 0;
			knownRegions = (
				en,
				Base,
			);
			mainGroup = F27E5E67251D2389003A0F3D;
			productRefGroup = F27E5E71251D2389003A0F3D /* Products */;
			projectDirPath = "";
			projectRoot = "";
			targets = (
				F27E5E6F251D2389003A0F3D /* SandMann */,
			);
		};
/* End PBXProject section */

/* Begin PBXResourcesBuildPhase section */
		F27E5E6E251D2389003A0F3D /* Resources */ = {
			isa = PBXResourcesBuildPhase;
			buildActionMask = 2147483647;
			files = (
				F27E5E7B251D238B003A0F3D /* Preview Assets.xcassets in Resources */,
				F27E5E78251D238B003A0F3D /* Assets.xcassets in Resources */,
			);
			runOnlyForDeploymentPostprocessing = 0;
		};
/* End PBXResourcesBuildPhase section */

/* Begin PBXSourcesBuildPhase section */
		F27E5E6C251D2389003A0F3D /* Sources */ = {
			isa = PBXSourcesBuildPhase;
			buildActionMask = 2147483647;
			files = (
				F27E5E76251D2389003A0F3D /* ContentView.swift in Sources */,
				F27E5E74251D2389003A0F3D /* SandMannApp.swift in Sources */,
				F2A23D89251E5A4A00B7120E /* SleepCalculator.mlmodel in Sources */,
			);
			runOnlyForDeploymentPostprocessing = 0;
		};
/* End PBXSourcesBuildPhase section */

/* Begin XCBuildConfiguration section */
		F27E5E7D251D238B003A0F3D /* Debug */ = {
			isa = XCBuildConfiguration;
			buildSettings = {
				ALWAYS_SEARCH_USER_PATHS = NO;
				CLANG_ANALYZER_NONNULL = YES;
				CLANG_ANALYZER_NUMBER_OBJECT_CONVERSION = YES_AGGRESSIVE;
				CLANG_CXX_LANGUAGE_STANDARD = "gnu++14";
				CLANG_CXX_LIBRARY = "libc++";
				CLANG_ENABLE_MODULES = YES;
				CLANG_ENABLE_OBJC_ARC = YES;
				CLANG_ENABLE_OBJC_WEAK = YES;
				CLANG_WARN_BLOCK_CAPTURE_AUTORELEASING = YES;
				CLANG_WARN_BOOL_CONVERSION = YES;
				CLANG_WARN_COMMA = YES;
				CLANG_WARN_CONSTANT_CONVERSION = YES;
				CLANG_WARN_DEPRECATED_OBJC_IMPLEMENTATIONS = YES;
				CLANG_WARN_DIRECT_OBJC_ISA_USAGE = YES_ERROR;
				CLANG_WARN_DOCUMENTATION_COMMENTS = YES;
				CLANG_WARN_EMPTY_BODY = YES;
				CLANG_WARN_ENUM_CONVERSION = YES;
				CLANG_WARN_INFINITE_RECURSION = YES;
				CLANG_WARN_INT_CONVERSION = YES;
				CLANG_WARN_NON_LITERAL_NULL_CONVERSION = YES;
				CLANG_WARN_OBJC_IMPLICIT_RETAIN_SELF = YES;
				CLANG_WARN_OBJC_LITERAL_CONVERSION = YES;
				CLANG_WARN_OBJC_ROOT_CLASS = YES_ERROR;
				CLANG_WARN_QUOTED_INCLUDE_IN_FRAMEWORK_HEADER = YES;
				CLANG_WARN_RANGE_LOOP_ANALYSIS = YES;
				CLANG_WARN_STRICT_PROTOTYPES = YES;
				CLANG_WARN_SUSPICIOUS_MOVE = YES;
				CLANG_WARN_UNGUARDED_AVAILABILITY = YES_AGGRESSIVE;
				CLANG_WARN_UNREACHABLE_CODE = YES;
				CLANG_WARN__DUPLICATE_METHOD_MATCH = YES;
				COPY_PHASE_STRIP = NO;
				DEBUG_INFORMATION_FORMAT = dwarf;
				ENABLE_STRICT_OBJC_MSGSEND = YES;
				ENABLE_TESTABILITY = YES;
				GCC_C_LANGUAGE_STANDARD = gnu11;
				GCC_DYNAMIC_NO_PIC = NO;
				GCC_NO_COMMON_BLOCKS = YES;
				GCC_OPTIMIZATION_LEVEL = 0;
				GCC_PREPROCESSOR_DEFINITIONS = (
					"DEBUG=1",
					"$(inherited)",
				);
				GCC_WARN_64_TO_32_BIT_CONVERSION = YES;
				GCC_WARN_ABOUT_RETURN_TYPE = YES_ERROR;
				GCC_WARN_UNDECLARED_SELECTOR = YES;
				GCC_WARN_UNINITIALIZED_AUTOS = YES_AGGRESSIVE;
				GCC_WARN_UNUSED_FUNCTION = YES;
				GCC_WARN_UNUSED_VARIABLE = YES;
				IPHONEOS_DEPLOYMENT_TARGET = 14.0;
				MTL_ENABLE_DEBUG_INFO = INCLUDE_SOURCE;
				MTL_FAST_MATH = YES;
				ONLY_ACTIVE_ARCH = YES;
				SDKROOT = iphoneos;
				SWIFT_ACTIVE_COMPILATION_CONDITIONS = DEBUG;
				SWIFT_OPTIMIZATION_LEVEL = "-Onone";
			};
			name = Debug;
		};
		F27E5E7E251D238B003A0F3D /* Release */ = {
			isa = XCBuildConfiguration;
			buildSettings = {
				ALWAYS_SEARCH_USER_PATHS = NO;
				CLANG_ANALYZER_NONNULL = YES;
				CLANG_ANALYZER_NUMBER_OBJECT_CONVERSION = YES_AGGRESSIVE;
				CLANG_CXX_LANGUAGE_STANDARD = "gnu++14";
				CLANG_CXX_LIBRARY = "libc++";
				CLANG_ENABLE_MODULES = YES;
				CLANG_ENABLE_OBJC_ARC = YES;
				CLANG_ENABLE_OBJC_WEAK = YES;
				CLANG_WARN_BLOCK_CAPTURE_AUTORELEASING = YES;
				CLANG_WARN_BOOL_CONVERSION = YES;
				CLANG_WARN_COMMA = YES;
				CLANG_WARN_CONSTANT_CONVERSION = YES;
				CLANG_WARN_DEPRECATED_OBJC_IMPLEMENTATIONS = YES;
				CLANG_WARN_DIRECT_OBJC_ISA_USAGE = YES_ERROR;
				CLANG_WARN_DOCUMENTATION_COMMENTS = YES;
				CLANG_WARN_EMPTY_BODY = YES;
				CLANG_WARN_ENUM_CONVERSION = YES;
				CLANG_WARN_INFINITE_RECURSION = YES;
				CLANG_WARN_INT_CONVERSION = YES;
				CLANG_WARN_NON_LITERAL_NULL_CONVERSION = YES;
				CLANG_WARN_OBJC_IMPLICIT_RETAIN_SELF = YES;
				CLANG_WARN_OBJC_LITERAL_CONVERSION = YES;
				CLANG_WARN_OBJC_ROOT_CLASS = YES_ERROR;
				CLANG_WARN_QUOTED_INCLUDE_IN_FRAMEWORK_HEADER = YES;
				CLANG_WARN_RANGE_LOOP_ANALYSIS = YES;
				CLANG_WARN_STRICT_PROTOTYPES = YES;
				CLANG_WARN_SUSPICIOUS_MOVE = YES;
				CLANG_WARN_UNGUARDED_AVAILABILITY = YES_AGGRESSIVE;
				CLANG_WARN_UNREACHABLE_CODE = YES;
				CLANG_WARN__DUPLICATE_METHOD_MATCH = YES;
				COPY_PHASE_STRIP = NO;
				DEBUG_INFORMATION_FORMAT = "dwarf-with-dsym";
				ENABLE_NS_ASSERTIONS = NO;
				ENABLE_STRICT_OBJC_MSGSEND = YES;
				GCC_C_LANGUAGE_STANDARD = gnu11;
				GCC_NO_COMMON_BLOCKS = YES;
				GCC_WARN_64_TO_32_BIT_CONVERSION = YES;
				GCC_WARN_ABOUT_RETURN_TYPE = YES_ERROR;
				GCC_WARN_UNDECLARED_SELECTOR = YES;
				GCC_WARN_UNINITIALIZED_AUTOS = YES_AGGRESSIVE;
				GCC_WARN_UNUSED_FUNCTION = YES;
				GCC_WARN_UNUSED_VARIABLE = YES;
				IPHONEOS_DEPLOYMENT_TARGET = 14.0;
				MTL_ENABLE_DEBUG_INFO = NO;
				MTL_FAST_MATH = YES;
				SDKROOT = iphoneos;
				SWIFT_COMPILATION_MODE = wholemodule;
				SWIFT_OPTIMIZATION_LEVEL = "-O";
				VALIDATE_PRODUCT = YES;
			};
			name = Release;
		};
		F27E5E80251D238B003A0F3D /* Debug */ = {
			isa = XCBuildConfiguration;
			buildSettings = {
				ASSETCATALOG_COMPILER_APPICON_NAME = AppIcon;
				ASSETCATALOG_COMPILER_GLOBAL_ACCENT_COLOR_NAME = AccentColor;
				CODE_SIGN_STYLE = Automatic;
				DEVELOPMENT_ASSET_PATHS = "\"SandMann/Preview Content\"";
				DEVELOPMENT_TEAM = 9XZH24N38H;
				ENABLE_PREVIEWS = YES;
				INFOPLIST_FILE = SandMann/Info.plist;
				IPHONEOS_DEPLOYMENT_TARGET = 14.0;
				LD_RUNPATH_SEARCH_PATHS = (
					"$(inherited)",
					"@executable_path/Frameworks",
				);
				PRODUCT_BUNDLE_IDENTIFIER = com.jsween.SandMann;
				PRODUCT_NAME = "$(TARGET_NAME)";
				SWIFT_VERSION = 5.0;
				TARGETED_DEVICE_FAMILY = "1,2";
			};
			name = Debug;
		};
		F27E5E81251D238B003A0F3D /* Release */ = {
			isa = XCBuildConfiguration;
			buildSettings = {
				ASSETCATALOG_COMPILER_APPICON_NAME = AppIcon;
				ASSETCATALOG_COMPILER_GLOBAL_ACCENT_COLOR_NAME = AccentColor;
				CODE_SIGN_STYLE = Automatic;
				DEVELOPMENT_ASSET_PATHS = "\"SandMann/Preview Content\"";
				DEVELOPMENT_TEAM = 9XZH24N38H;
				ENABLE_PREVIEWS = YES;
				INFOPLIST_FILE = SandMann/Info.plist;
				IPHONEOS_DEPLOYMENT_TARGET = 14.0;
				LD_RUNPATH_SEARCH_PATHS = (
					"$(inherited)",
					"@executable_path/Frameworks",
				);
				PRODUCT_BUNDLE_IDENTIFIER = com.jsween.SandMann;
				PRODUCT_NAME = "$(TARGET_NAME)";
				SWIFT_VERSION = 5.0;
				TARGETED_DEVICE_FAMILY = "1,2";
			};
			name = Release;
		};
/* End XCBuildConfiguration section */

/* Begin XCConfigurationList section */
		F27E5E6B251D2389003A0F3D /* Build configuration list for PBXProject "SandMann" */ = {
			isa = XCConfigurationList;
			buildConfigurations = (
				F27E5E7D251D238B003A0F3D /* Debug */,
				F27E5E7E251D238B003A0F3D /* Release */,
			);
			defaultConfigurationIsVisible = 0;
			defaultConfigurationName = Release;
		};
		F27E5E7F251D238B003A0F3D /* Build configuration list for PBXNativeTarget "SandMann" */ = {
			isa = XCConfigurationList;
			buildConfigurations = (
				F27E5E80251D238B003A0F3D /* Debug */,
				F27E5E81251D238B003A0F3D /* Release */,
			);
			defaultConfigurationIsVisible = 0;
			defaultConfigurationName = Release;
		};
/* End XCConfigurationList section */
	};
	rootObject = F27E5E68251D2389003A0F3D /* Project object */;
}
